
Microsoft Visual Studio Solution File, Format Version 12.00
# Visual Studio Version 16
VisualStudioVersion = 16.0.30309.148
MinimumVisualStudioVersion = 10.0.40219.1
Project("{FAE04EC0-301F-11D3-BF4B-00C04F79EFBC}") = "NetEditor", "NetEditor\NetEditor.csproj", "{CF8677FB-0094-4AAA-9578-903A7447B032}"
EndProject
Project("{2150E333-8FDC-42A3-9474-1A3956D46DE8}") = "Solution Items", "Solution Items", "{B2A9BD66-5DB7-4A7E-A697-62EF5BA24CC0}"
	ProjectSection(SolutionItems) = preProject
		.editorconfig = .editorconfig
	EndProjectSection
EndProject
Global
	GlobalSection(SolutionConfigurationPlatforms) = preSolution
		Debug|Any CPU = Debug|Any CPU
		Release|Any CPU = Release|Any CPU
	EndGlobalSection
	GlobalSection(ProjectConfigurationPlatforms) = postSolution
		{CF8677FB-0094-4AAA-9578-903A7447B032}.Debug|Any CPU.ActiveCfg = Debug|Any CPU
		{CF8677FB-0094-4AAA-9578-903A7447B032}.Debug|Any CPU.Build.0 = Debug|Any CPU
		{CF8677FB-0094-4AAA-9578-903A7447B032}.Release|Any CPU.ActiveCfg = Release|Any CPU
		{CF8677FB-0094-4AAA-9578-903A7447B032}.Release|Any CPU.Build.0 = Release|Any CPU
	EndGlobalSection
	GlobalSection(SolutionProperties) = preSolution
		HideSolutionNode = FALSE
	EndGlobalSection
	GlobalSection(ExtensibilityGlobals) = postSolution
		SolutionGuid = {28039F76-7259-4700-AF09-00B343F06C36}
	EndGlobalSection
EndGlobal
